
Microsoft Visual Studio Solution File, Format Version 12.00
# Visual Studio Version 16
VisualStudioVersion = 25.0.1705.2
MinimumVisualStudioVersion = 10.0.40219.1
Project("{FAE04EC0-301F-11D3-BF4B-00C04F79EFBC}") = "Generator", "Generator\Generator.csproj", "{F952805F-FFE0-41F6-BA44-CFE3AF5BC787}"
EndProject
Global
	GlobalSection(SolutionConfigurationPlatforms) = preSolution
		Debug|Any CPU = Debug|Any CPU
		Release|Any CPU = Release|Any CPU
	EndGlobalSection
	GlobalSection(ProjectConfigurationPlatforms) = postSolution
		{F952805F-FFE0-41F6-BA44-CFE3AF5BC787}.Debug|Any CPU.ActiveCfg = Debug|Any CPU
		{F952805F-FFE0-41F6-BA44-CFE3AF5BC787}.Debug|Any CPU.Build.0 = Debug|Any CPU
		{F952805F-FFE0-41F6-BA44-CFE3AF5BC787}.Release|Any CPU.ActiveCfg = Release|Any CPU
		{F952805F-FFE0-41F6-BA44-CFE3AF5BC787}.Release|Any CPU.Build.0 = Release|Any CPU
	EndGlobalSection
	GlobalSection(SolutionProperties) = preSolution
		HideSolutionNode = FALSE
	EndGlobalSection
	GlobalSection(ExtensibilityGlobals) = postSolution
		SolutionGuid = {CD02AE70-8BDF-4B3D-8600-FB9944B188FB}
	EndGlobalSection
EndGlobal
